{
  "name": "exact-duration",
  "version": "0.1.1",
  "lockfileVersion": 3,
  "requires": true,
  "packages": {
    "": {
      "name": "exact-duration",
      "version": "0.1.1",
      "license": "MIT",
      "devDependencies": {
        "@sapphire/duration": "^1.2.0",
        "duration-fns": "^3.0.2",
        "enhanced-ms": "^4.1.0",
        "iso8601-duration": "^2.1.2",
        "ms": "^2.1.3",
        "parse-duration": "^2.1.3",
        "timestring": "^7.0.0",
        "tinyduration": "^3.4.1",
        "typescript": "5.9.3"
      },
      "engines": {
        "node": ">=18"
      }
    },
    "node_modules/@sapphire/duration": {
      "version": "1.2.0",
      "resolved": "https://registry.npmjs.org/@sapphire/duration/-/duration-1.2.0.tgz",
      "integrity": "sha512-LxjOAFXz81WmrI8XX9YaVcAZDjQj/1p78lZCvkAWZB1nphOwz/D0dU3CBejmhOWx5dO5CszTkLJMNR0xuCK+Zg==",
      "dev": true,
      "license": "MIT",
      "engines": {
        "node": ">=v14.0.0",
        "npm": ">=7.0.0"
      }
    },
    "node_modules/duration-fns": {
      "version": "3.0.2",
      "resolved": "https://registry.npmjs.org/duration-fns/-/duration-fns-3.0.2.tgz",
      "integrity": "sha512-w82IXh/6aWNHFA0qlQazJYJrZTWieTItuuGTE7YX4cxPaZTWhmVImbsBBiMK1/OhGDgiinuCpJoSFILYLDSKDg==",
      "dev": true,
      "license": "MIT"
    },
    "node_modules/enhanced-ms": {
      "version": "4.3.0",
      "resolved": "https://registry.npmjs.org/enhanced-ms/-/enhanced-ms-4.3.0.tgz",
      "integrity": "sha512-mMl+aCNSDcVf7Q0KKkp600JFoK9eimXgmdrN8wHNyyKeZbOr88XJw1m8qOIAknuAAPfxxVZMwrU77YG8ol9Oxw==",
      "dev": true,
      "license": "MIT"
    },
    "node_modules/iso8601-duration": {
      "version": "2.1.4",
      "resolved": "https://registry.npmjs.org/iso8601-duration/-/iso8601-duration-2.1.4.tgz",
      "integrity": "sha512-2TuWcuR6W0OhFZQDAY+jDUp9FC2fVTDgxTtbN0nFBfwmUA6HTqXc0wx2tIBVd/FhRp4CnJbDgCv3sCeTPMQbew==",
      "dev": true,
      "license": "MIT"
    },
    "node_modules/ms": {
      "version": "2.1.3",
      "resolved": "https://registry.npmjs.org/ms/-/ms-2.1.3.tgz",
      "integrity": "sha512-6FlzubTLZG3J2a/NVCAleEhjzq5oxgHyaCU9yYXvcLsvoVaHJq/s5xXI6/XXP6tz7R9xAOtHnSO/tXtF3WRTlA==",
      "dev": true,
      "license": "MIT"
    },
    "node_modules/parse-duration": {
      "version": "2.1.8",
      "resolved": "https://registry.npmjs.org/parse-duration/-/parse-duration-2.1.8.tgz",
      "integrity": "sha512-hM72vQ2w/HebbXx2pyUaR+EBjbkPx3Xi2aWAF9SNvJnRbP0p46KLcI8WP/z5ZruCUsJr0L2HWexVtB3PlBf/LA==",
      "dev": true,
      "license": "MIT"
    },
    "node_modules/timestring": {
      "version": "7.0.0",
      "resolved": "https://registry.npmjs.org/timestring/-/timestring-7.0.0.tgz",
      "integrity": "sha512-U7ttxEdKWqHYJ96OGoJJR5gU8Nwkl3tlY0n7Jr4vcpLD2RkVZLE1Ph9k8ZRrZ7LYX9QCtd3M9OUaR9P8Z37QNg==",
      "dev": true,
      "license": "MIT",
      "engines": {
        "node": ">=12"
      }
    },
    "node_modules/tinyduration": {
      "version": "3.4.1",
      "resolved": "https://registry.npmjs.org/tinyduration/-/tinyduration-3.4.1.tgz",
      "integrity": "sha512-NemFoamVYn7TmtwZKZ3OiliM9fZkr6EWiTM+wKknco6POSy2gS689xx/pXip0JYp40HXpUw6k65CUYHWYUXdaA==",
      "dev": true,
      "license": "MIT"
    },
    "node_modules/typescript": {
      "version": "5.9.3",
      "resolved": "https://registry.npmjs.org/typescript/-/typescript-5.9.3.tgz",
      "integrity": "sha512-jl1vZzPDinLr9eUt3J/t7V6FgNEw9QjvBPdysz9KfQDD41fQrC2Y4vKQdiaUpFT4bXlb1RHhLpp8wtm6M5TgSw==",
      "dev": true,
      "license": "Apache-2.0",
      "bin": {
        "tsc": "bin/tsc",
        "tsserver": "bin/tsserver"
      },
      "engines": {
        "node": ">=14.17"
      }
    }
  }
}
